
Microsoft Visual Studio Solution File, Format Version 12.00
# Visual Studio Version 16
VisualStudioVersion = 16.0.29905.134
MinimumVisualStudioVersion = 10.0.40219.1
Project("{FAE04EC0-301F-11D3-BF4B-00C04F79EFBC}") = "PowerLook", "PowerLook-Aluguel\PowerLook.csproj", "{3D52C77F-AB97-4021-91E9-15834DCB814E}"
EndProject
Project("{FAE04EC0-301F-11D3-BF4B-00C04F79EFBC}") = "DBPowerLook.DAL", "DBPowerLook.DAL\DBPowerLook.DAL.csproj", "{140A4A0B-CA36-4F8B-B945-E1670003684F}"
EndProject
Global
	GlobalSection(SolutionConfigurationPlatforms) = preSolution
		Debug|Any CPU = Debug|Any CPU
		Release|Any CPU = Release|Any CPU
	EndGlobalSection
	GlobalSection(ProjectConfigurationPlatforms) = postSolution
		{3D52C77F-AB97-4021-91E9-15834DCB814E}.Debug|Any CPU.ActiveCfg = Debug|Any CPU
		{3D52C77F-AB97-4021-91E9-15834DCB814E}.Debug|Any CPU.Build.0 = Debug|Any CPU
		{3D52C77F-AB97-4021-91E9-15834DCB814E}.Release|Any CPU.ActiveCfg = Release|Any CPU
		{3D52C77F-AB97-4021-91E9-15834DCB814E}.Release|Any CPU.Build.0 = Release|Any CPU
		{140A4A0B-CA36-4F8B-B945-E1670003684F}.Debug|Any CPU.ActiveCfg = Debug|Any CPU
		{140A4A0B-CA36-4F8B-B945-E1670003684F}.Debug|Any CPU.Build.0 = Debug|Any CPU
		{140A4A0B-CA36-4F8B-B945-E1670003684F}.Release|Any CPU.ActiveCfg = Release|Any CPU
		{140A4A0B-CA36-4F8B-B945-E1670003684F}.Release|Any CPU.Build.0 = Release|Any CPU
	EndGlobalSection
	GlobalSection(SolutionProperties) = preSolution
		HideSolutionNode = FALSE
	EndGlobalSection
	GlobalSection(ExtensibilityGlobals) = postSolution
		SolutionGuid = {94161E0D-B26B-4ED7-9BCB-C61D93F28C4A}
	EndGlobalSection
EndGlobal
